
Microsoft Visual Studio Solution File, Format Version 12.00
# Visual Studio Version 16
VisualStudioVersion = 16.0.31313.79
MinimumVisualStudioVersion = 10.0.40219.1
Project("{9A19103F-16F7-4668-BE54-9A1E7A4F7556}") = "MyCommunityBuilder.Client", "MyCommunityBuilder.Client\MyCommunityBuilder.Client.csproj", "{877549E3-EA86-42AE-BC31-DB1BD72F64A5}"
EndProject
Project("{9A19103F-16F7-4668-BE54-9A1E7A4F7556}") = "MyCommunityBuilder.Components", "MyCommunityBuilder.Components\MyCommunityBuilder.Components.csproj", "{FE868B5D-61CB-46A6-98FB-BE42F086AB8E}"
EndProject
Project("{9A19103F-16F7-4668-BE54-9A1E7A4F7556}") = "MyCommunityBuilder.Shared", "MyCommunityBuilder.Shared\MyCommunityBuilder.Shared.csproj", "{90C918BD-7C4C-479F-979B-C4466B306BB3}"
EndProject
Project("{9A19103F-16F7-4668-BE54-9A1E7A4F7556}") = "MyCommunityBuilder.Identity", "MyCommunityBuilder.Identity\MyCommunityBuilder.Identity.csproj", "{29F8B91A-49CA-4F6B-BFD2-9449907DC525}"
EndProject
Project("{E53339B2-1760-4266-BCC7-CA923CBCF16C}") = "docker-compose", "docker-compose.dcproj", "{35457836-AD84-4E8F-B8F9-40FDF77D7CF5}"
EndProject
Global
	GlobalSection(SolutionConfigurationPlatforms) = preSolution
		Debug|Any CPU = Debug|Any CPU
		Release|Any CPU = Release|Any CPU
	EndGlobalSection
	GlobalSection(ProjectConfigurationPlatforms) = postSolution
		{877549E3-EA86-42AE-BC31-DB1BD72F64A5}.Debug|Any CPU.ActiveCfg = Debug|Any CPU
		{877549E3-EA86-42AE-BC31-DB1BD72F64A5}.Debug|Any CPU.Build.0 = Debug|Any CPU
		{877549E3-EA86-42AE-BC31-DB1BD72F64A5}.Release|Any CPU.ActiveCfg = Release|Any CPU
		{877549E3-EA86-42AE-BC31-DB1BD72F64A5}.Release|Any CPU.Build.0 = Release|Any CPU
		{FE868B5D-61CB-46A6-98FB-BE42F086AB8E}.Debug|Any CPU.ActiveCfg = Debug|Any CPU
		{FE868B5D-61CB-46A6-98FB-BE42F086AB8E}.Debug|Any CPU.Build.0 = Debug|Any CPU
		{FE868B5D-61CB-46A6-98FB-BE42F086AB8E}.Release|Any CPU.ActiveCfg = Release|Any CPU
		{FE868B5D-61CB-46A6-98FB-BE42F086AB8E}.Release|Any CPU.Build.0 = Release|Any CPU
		{90C918BD-7C4C-479F-979B-C4466B306BB3}.Debug|Any CPU.ActiveCfg = Debug|Any CPU
		{90C918BD-7C4C-479F-979B-C4466B306BB3}.Debug|Any CPU.Build.0 = Debug|Any CPU
		{90C918BD-7C4C-479F-979B-C4466B306BB3}.Release|Any CPU.ActiveCfg = Release|Any CPU
		{90C918BD-7C4C-479F-979B-C4466B306BB3}.Release|Any CPU.Build.0 = Release|Any CPU
		{29F8B91A-49CA-4F6B-BFD2-9449907DC525}.Debug|Any CPU.ActiveCfg = Debug|Any CPU
		{29F8B91A-49CA-4F6B-BFD2-9449907DC525}.Debug|Any CPU.Build.0 = Debug|Any CPU
		{29F8B91A-49CA-4F6B-BFD2-9449907DC525}.Release|Any CPU.ActiveCfg = Release|Any CPU
		{29F8B91A-49CA-4F6B-BFD2-9449907DC525}.Release|Any CPU.Build.0 = Release|Any CPU
		{35457836-AD84-4E8F-B8F9-40FDF77D7CF5}.Debug|Any CPU.ActiveCfg = Debug|Any CPU
		{35457836-AD84-4E8F-B8F9-40FDF77D7CF5}.Debug|Any CPU.Build.0 = Debug|Any CPU
		{35457836-AD84-4E8F-B8F9-40FDF77D7CF5}.Release|Any CPU.ActiveCfg = Release|Any CPU
		{35457836-AD84-4E8F-B8F9-40FDF77D7CF5}.Release|Any CPU.Build.0 = Release|Any CPU
	EndGlobalSection
	GlobalSection(SolutionProperties) = preSolution
		HideSolutionNode = FALSE
	EndGlobalSection
	GlobalSection(ExtensibilityGlobals) = postSolution
		SolutionGuid = {1001BC6C-48F4-497F-A748-139FC4301DBA}
	EndGlobalSection
EndGlobal
